
Microsoft Visual Studio Solution File, Format Version 12.00
# Visual Studio Version 16
VisualStudioVersion = 16.0.31229.75
MinimumVisualStudioVersion = 10.0.40219.1
Project("{2150E333-8FDC-42A3-9474-1A3956D46DE8}") = "Libraries", "Libraries", "{B701958D-E8DD-41B6-813C-51F8DD4D7F87}"
EndProject
Project("{2150E333-8FDC-42A3-9474-1A3956D46DE8}") = "Presentation", "Presentation", "{5CFE7E87-C0D8-4630-80DD-B1B950E1E5B1}"
EndProject
Project("{2150E333-8FDC-42A3-9474-1A3956D46DE8}") = "WebAPI", "WebAPI", "{57BF9614-0FB6-421D-85A0-FC0162A84ED5}"
EndProject
Project("{2150E333-8FDC-42A3-9474-1A3956D46DE8}") = "WebTest", "WebTest", "{4C12C72E-34E5-4408-8D37-415EA728A24E}"
EndProject
Project("{9A19103F-16F7-4668-BE54-9A1E7A4F7556}") = "SB.Model", "Libraries\SB.Model\SB.Model.csproj", "{E7A05AFE-E9E7-4DAD-958F-E647A5B01DB3}"
EndProject
Project("{9A19103F-16F7-4668-BE54-9A1E7A4F7556}") = "SB.Repository", "Libraries\SB.Repository\SB.Repository.csproj", "{5A6FBD6E-9685-40F4-A892-5382A74D8819}"
EndProject
Project("{9A19103F-16F7-4668-BE54-9A1E7A4F7556}") = "SB.Service", "Libraries\SB.Service\SB.Service.csproj", "{44B29016-599B-4D37-8B2D-E191A28A91ED}"
EndProject
Project("{9A19103F-16F7-4668-BE54-9A1E7A4F7556}") = "SB.Common", "Libraries\SB.Common\SB.Common.csproj", "{5F859CB3-FCB6-421A-8011-0C2BF9FED590}"
EndProject
Project("{9A19103F-16F7-4668-BE54-9A1E7A4F7556}") = "SB.API", "WebAPI\SB.API\SB.API.csproj", "{A36EA037-A118-434D-B8C9-ADC2EAA2E946}"
EndProject
Project("{9A19103F-16F7-4668-BE54-9A1E7A4F7556}") = "SB.Web", "Presentation\SB.Web\SB.Web.csproj", "{8760B00C-2EF7-4FA6-BA54-89B54A7B8DD8}"
EndProject
Project("{FAE04EC0-301F-11D3-BF4B-00C04F79EFBC}") = "SB.UnitTest", "WebTest\SB.UnitTest\SB.UnitTest.csproj", "{1798097E-9F7E-4BB8-B908-EF062106B3A0}"
EndProject
Project("{2150E333-8FDC-42A3-9474-1A3956D46DE8}") = "Databae", "Databae", "{03DA82FE-3B73-428C-A4B4-47363FF10E9C}"
EndProject
Project("{00D1A9C2-B5F0-4AF3-8072-F6C62B433612}") = "SB.dbProject", "Databae\SB.dbProject\SB.dbProject.sqlproj", "{DA880148-2BFD-4BE1-91E9-DADD4468E9CE}"
EndProject
Global
	GlobalSection(SolutionConfigurationPlatforms) = preSolution
		Debug|Any CPU = Debug|Any CPU
		Release|Any CPU = Release|Any CPU
	EndGlobalSection
	GlobalSection(ProjectConfigurationPlatforms) = postSolution
		{E7A05AFE-E9E7-4DAD-958F-E647A5B01DB3}.Debug|Any CPU.ActiveCfg = Debug|Any CPU
		{E7A05AFE-E9E7-4DAD-958F-E647A5B01DB3}.Debug|Any CPU.Build.0 = Debug|Any CPU
		{E7A05AFE-E9E7-4DAD-958F-E647A5B01DB3}.Release|Any CPU.ActiveCfg = Release|Any CPU
		{E7A05AFE-E9E7-4DAD-958F-E647A5B01DB3}.Release|Any CPU.Build.0 = Release|Any CPU
		{5A6FBD6E-9685-40F4-A892-5382A74D8819}.Debug|Any CPU.ActiveCfg = Debug|Any CPU
		{5A6FBD6E-9685-40F4-A892-5382A74D8819}.Debug|Any CPU.Build.0 = Debug|Any CPU
		{5A6FBD6E-9685-40F4-A892-5382A74D8819}.Release|Any CPU.ActiveCfg = Release|Any CPU
		{5A6FBD6E-9685-40F4-A892-5382A74D8819}.Release|Any CPU.Build.0 = Release|Any CPU
		{44B29016-599B-4D37-8B2D-E191A28A91ED}.Debug|Any CPU.ActiveCfg = Debug|Any CPU
		{44B29016-599B-4D37-8B2D-E191A28A91ED}.Debug|Any CPU.Build.0 = Debug|Any CPU
		{44B29016-599B-4D37-8B2D-E191A28A91ED}.Release|Any CPU.ActiveCfg = Release|Any CPU
		{44B29016-599B-4D37-8B2D-E191A28A91ED}.Release|Any CPU.Build.0 = Release|Any CPU
		{5F859CB3-FCB6-421A-8011-0C2BF9FED590}.Debug|Any CPU.ActiveCfg = Debug|Any CPU
		{5F859CB3-FCB6-421A-8011-0C2BF9FED590}.Debug|Any CPU.Build.0 = Debug|Any CPU
		{5F859CB3-FCB6-421A-8011-0C2BF9FED590}.Release|Any CPU.ActiveCfg = Release|Any CPU
		{5F859CB3-FCB6-421A-8011-0C2BF9FED590}.Release|Any CPU.Build.0 = Release|Any CPU
		{A36EA037-A118-434D-B8C9-ADC2EAA2E946}.Debug|Any CPU.ActiveCfg = Debug|Any CPU
		{A36EA037-A118-434D-B8C9-ADC2EAA2E946}.Debug|Any CPU.Build.0 = Debug|Any CPU
		{A36EA037-A118-434D-B8C9-ADC2EAA2E946}.Release|Any CPU.ActiveCfg = Release|Any CPU
		{A36EA037-A118-434D-B8C9-ADC2EAA2E946}.Release|Any CPU.Build.0 = Release|Any CPU
		{8760B00C-2EF7-4FA6-BA54-89B54A7B8DD8}.Debug|Any CPU.ActiveCfg = Debug|Any CPU
		{8760B00C-2EF7-4FA6-BA54-89B54A7B8DD8}.Debug|Any CPU.Build.0 = Debug|Any CPU
		{8760B00C-2EF7-4FA6-BA54-89B54A7B8DD8}.Release|Any CPU.ActiveCfg = Release|Any CPU
		{8760B00C-2EF7-4FA6-BA54-89B54A7B8DD8}.Release|Any CPU.Build.0 = Release|Any CPU
		{1798097E-9F7E-4BB8-B908-EF062106B3A0}.Debug|Any CPU.ActiveCfg = Debug|Any CPU
		{1798097E-9F7E-4BB8-B908-EF062106B3A0}.Debug|Any CPU.Build.0 = Debug|Any CPU
		{1798097E-9F7E-4BB8-B908-EF062106B3A0}.Release|Any CPU.ActiveCfg = Release|Any CPU
		{1798097E-9F7E-4BB8-B908-EF062106B3A0}.Release|Any CPU.Build.0 = Release|Any CPU
		{DA880148-2BFD-4BE1-91E9-DADD4468E9CE}.Debug|Any CPU.ActiveCfg = Debug|Any CPU
		{DA880148-2BFD-4BE1-91E9-DADD4468E9CE}.Debug|Any CPU.Build.0 = Debug|Any CPU
		{DA880148-2BFD-4BE1-91E9-DADD4468E9CE}.Debug|Any CPU.Deploy.0 = Debug|Any CPU
		{DA880148-2BFD-4BE1-91E9-DADD4468E9CE}.Release|Any CPU.ActiveCfg = Release|Any CPU
		{DA880148-2BFD-4BE1-91E9-DADD4468E9CE}.Release|Any CPU.Build.0 = Release|Any CPU
		{DA880148-2BFD-4BE1-91E9-DADD4468E9CE}.Release|Any CPU.Deploy.0 = Release|Any CPU
	EndGlobalSection
	GlobalSection(SolutionProperties) = preSolution
		HideSolutionNode = FALSE
	EndGlobalSection
	GlobalSection(NestedProjects) = preSolution
		{E7A05AFE-E9E7-4DAD-958F-E647A5B01DB3} = {B701958D-E8DD-41B6-813C-51F8DD4D7F87}
		{5A6FBD6E-9685-40F4-A892-5382A74D8819} = {B701958D-E8DD-41B6-813C-51F8DD4D7F87}
		{44B29016-599B-4D37-8B2D-E191A28A91ED} = {B701958D-E8DD-41B6-813C-51F8DD4D7F87}
		{5F859CB3-FCB6-421A-8011-0C2BF9FED590} = {B701958D-E8DD-41B6-813C-51F8DD4D7F87}
		{A36EA037-A118-434D-B8C9-ADC2EAA2E946} = {57BF9614-0FB6-421D-85A0-FC0162A84ED5}
		{8760B00C-2EF7-4FA6-BA54-89B54A7B8DD8} = {5CFE7E87-C0D8-4630-80DD-B1B950E1E5B1}
		{1798097E-9F7E-4BB8-B908-EF062106B3A0} = {4C12C72E-34E5-4408-8D37-415EA728A24E}
		{DA880148-2BFD-4BE1-91E9-DADD4468E9CE} = {03DA82FE-3B73-428C-A4B4-47363FF10E9C}
	EndGlobalSection
	GlobalSection(ExtensibilityGlobals) = postSolution
		SolutionGuid = {95B7C3F7-7510-406C-883B-7FF64BF77BA6}
	EndGlobalSection
EndGlobal
